{
  "name": "hawkeye",
  "lockfileVersion": 3,
  "requires": true,
  "packages": {
    "": {
      "dependencies": {
        "copilot": "^0.5.1",
        "open3d": "^0.2.4"
      }
    },
    "node_modules/copilot": {
      "version": "0.5.1",
      "resolved": "https://registry.npmjs.org/copilot/-/copilot-0.5.1.tgz",
      "integrity": "sha512-4neXNe1IvKwrNXECDVVihZD3NQaOOj/1aAZsoo1M3CoXLTOT03vWyGUOvgRj0xPUquGDjsjX0C8wcBLaTqd14g==",
      "deprecated": "Please use node-router instead. This package will be removed in the future.",
      "license": "MIT"
    },
    "node_modules/open3d": {
      "version": "0.2.4",
      "resolved": "https://registry.npmjs.org/open3d/-/open3d-0.2.4.tgz",
      "integrity": "sha512-S1wo/j+BLsGlP/wwc9gxjt9ieszT67OltOYhrKOTrpCeYxWMitlsy/bCLdV91Gnh2e4wAAGylKPT4095Oj2T0w==",
      "license": "ISC"
    }
  }
}
